
Microsoft Visual Studio Solution File, Format Version 12.00
Project("{FAE04EC0-301F-11D3-BF4B-00C04F79EFBC}") = "OtelDemo.Api", "OtelDemo.Api\OtelDemo.Api.csproj", "{45B99EC1-822E-4AC9-AC65-FB1653AC8493}"
EndProject
Global
	GlobalSection(SolutionConfigurationPlatforms) = preSolution
		Debug|Any CPU = Debug|Any CPU
		Release|Any CPU = Release|Any CPU
	EndGlobalSection
	GlobalSection(ProjectConfigurationPlatforms) = postSolution
		{45B99EC1-822E-4AC9-AC65-FB1653AC8493}.Debug|Any CPU.ActiveCfg = Debug|Any CPU
		{45B99EC1-822E-4AC9-AC65-FB1653AC8493}.Debug|Any CPU.Build.0 = Debug|Any CPU
		{45B99EC1-822E-4AC9-AC65-FB1653AC8493}.Release|Any CPU.ActiveCfg = Release|Any CPU
		{45B99EC1-822E-4AC9-AC65-FB1653AC8493}.Release|Any CPU.Build.0 = Release|Any CPU
	EndGlobalSection
EndGlobal
