
Microsoft Visual Studio Solution File, Format Version 12.00
Project("{FAE04EC0-301F-11D3-BF4B-00C04F79EFBC}") = "OtelDemo.Apples", "OtelDemo.Apples\OtelDemo.Apples.csproj", "{1EA62DB5-C022-41A0-A9B0-4D97F68842F3}"
EndProject
Project("{FAE04EC0-301F-11D3-BF4B-00C04F79EFBC}") = "OtelDemo.Pears", "OtelDemo.Pears\OtelDemo.Pears.csproj", "{5B31FE3A-2541-494D-992E-A6D1EAAA78CF}"
EndProject
Project("{FAE04EC0-301F-11D3-BF4B-00C04F79EFBC}") = "OtelDemo.Peaches", "OtelDemo.Peaches\OtelDemo.Peaches.csproj", "{729FE7BD-D989-4CA4-8839-1F1EAF434EB4}"
EndProject
Project("{FAE04EC0-301F-11D3-BF4B-00C04F79EFBC}") = "OtelDemo.Shared", "OtelDemo.Shared\OtelDemo.Shared.csproj", "{4097AFA0-4605-4654-BE78-DBD1C6D61916}"
EndProject
Project("{2150E333-8FDC-42A3-9474-1A3956D46DE8}") = "Solution Items", "Solution Items", "{4885A230-61F0-48BA-91FB-989CC1C36050}"
	ProjectSection(SolutionItems) = preProject
		compose.yaml = compose.yaml
	EndProjectSection
EndProject
Project("{FAE04EC0-301F-11D3-BF4B-00C04F79EFBC}") = "OtelDemo.Api", "OtelDemo.Api\OtelDemo.Api.csproj", "{B80B4ED0-9683-43BF-9C78-321CC388B12D}"
EndProject
Project("{FAE04EC0-301F-11D3-BF4B-00C04F79EFBC}") = "OtelDemo.Kiwis", "OtelDemo.Kiwis\OtelDemo.Kiwis.csproj", "{7BB82F73-EE74-444C-BE9F-6E31E3C6A3B7}"
EndProject
Global
	GlobalSection(SolutionConfigurationPlatforms) = preSolution
		Debug|Any CPU = Debug|Any CPU
		Release|Any CPU = Release|Any CPU
	EndGlobalSection
	GlobalSection(ProjectConfigurationPlatforms) = postSolution
		{1EA62DB5-C022-41A0-A9B0-4D97F68842F3}.Debug|Any CPU.ActiveCfg = Debug|Any CPU
		{1EA62DB5-C022-41A0-A9B0-4D97F68842F3}.Debug|Any CPU.Build.0 = Debug|Any CPU
		{1EA62DB5-C022-41A0-A9B0-4D97F68842F3}.Release|Any CPU.ActiveCfg = Release|Any CPU
		{1EA62DB5-C022-41A0-A9B0-4D97F68842F3}.Release|Any CPU.Build.0 = Release|Any CPU
		{5B31FE3A-2541-494D-992E-A6D1EAAA78CF}.Debug|Any CPU.ActiveCfg = Debug|Any CPU
		{5B31FE3A-2541-494D-992E-A6D1EAAA78CF}.Debug|Any CPU.Build.0 = Debug|Any CPU
		{5B31FE3A-2541-494D-992E-A6D1EAAA78CF}.Release|Any CPU.ActiveCfg = Release|Any CPU
		{5B31FE3A-2541-494D-992E-A6D1EAAA78CF}.Release|Any CPU.Build.0 = Release|Any CPU
		{729FE7BD-D989-4CA4-8839-1F1EAF434EB4}.Debug|Any CPU.ActiveCfg = Debug|Any CPU
		{729FE7BD-D989-4CA4-8839-1F1EAF434EB4}.Debug|Any CPU.Build.0 = Debug|Any CPU
		{729FE7BD-D989-4CA4-8839-1F1EAF434EB4}.Release|Any CPU.ActiveCfg = Release|Any CPU
		{729FE7BD-D989-4CA4-8839-1F1EAF434EB4}.Release|Any CPU.Build.0 = Release|Any CPU
		{4097AFA0-4605-4654-BE78-DBD1C6D61916}.Debug|Any CPU.ActiveCfg = Debug|Any CPU
		{4097AFA0-4605-4654-BE78-DBD1C6D61916}.Debug|Any CPU.Build.0 = Debug|Any CPU
		{4097AFA0-4605-4654-BE78-DBD1C6D61916}.Release|Any CPU.ActiveCfg = Release|Any CPU
		{4097AFA0-4605-4654-BE78-DBD1C6D61916}.Release|Any CPU.Build.0 = Release|Any CPU
		{B80B4ED0-9683-43BF-9C78-321CC388B12D}.Debug|Any CPU.ActiveCfg = Debug|Any CPU
		{B80B4ED0-9683-43BF-9C78-321CC388B12D}.Debug|Any CPU.Build.0 = Debug|Any CPU
		{B80B4ED0-9683-43BF-9C78-321CC388B12D}.Release|Any CPU.ActiveCfg = Release|Any CPU
		{B80B4ED0-9683-43BF-9C78-321CC388B12D}.Release|Any CPU.Build.0 = Release|Any CPU
		{7BB82F73-EE74-444C-BE9F-6E31E3C6A3B7}.Debug|Any CPU.ActiveCfg = Debug|Any CPU
		{7BB82F73-EE74-444C-BE9F-6E31E3C6A3B7}.Debug|Any CPU.Build.0 = Debug|Any CPU
		{7BB82F73-EE74-444C-BE9F-6E31E3C6A3B7}.Release|Any CPU.ActiveCfg = Release|Any CPU
		{7BB82F73-EE74-444C-BE9F-6E31E3C6A3B7}.Release|Any CPU.Build.0 = Release|Any CPU
	EndGlobalSection
	GlobalSection(NestedProjects) = preSolution
	EndGlobalSection
EndGlobal
